
Microsoft Visual Studio Solution File, Format Version 12.00
# Visual Studio Version 17
VisualStudioVersion = 17.3.32825.248
MinimumVisualStudioVersion = 10.0.40219.1
Project("{FAE04EC0-301F-11D3-BF4B-00C04F79EFBC}") = "Devs2Blu.ProjetosAula.SistemaCadastro.Forms", "src\Devs2Blu.ProjetosAula.SistemaCadastro.Forms\Devs2Blu.ProjetosAula.SistemaCadastro.Forms.csproj", "{9E493F19-6D82-450B-9735-0265B42B8D07}"
EndProject
Project("{FAE04EC0-301F-11D3-BF4B-00C04F79EFBC}") = "Devs2Blu.ProjetosAula.SistemaCadastro.Models", "src\Devs2Blu.ProjetosAula.OOP3.Models\Devs2Blu.ProjetosAula.SistemaCadastro.Models.csproj", "{65EEFE8E-A5C9-470B-A2E4-78A175DF2615}"
EndProject
Global
	GlobalSection(SolutionConfigurationPlatforms) = preSolution
		Debug|Any CPU = Debug|Any CPU
		Release|Any CPU = Release|Any CPU
	EndGlobalSection
	GlobalSection(ProjectConfigurationPlatforms) = postSolution
		{9E493F19-6D82-450B-9735-0265B42B8D07}.Debug|Any CPU.ActiveCfg = Debug|Any CPU
		{9E493F19-6D82-450B-9735-0265B42B8D07}.Debug|Any CPU.Build.0 = Debug|Any CPU
		{9E493F19-6D82-450B-9735-0265B42B8D07}.Release|Any CPU.ActiveCfg = Release|Any CPU
		{9E493F19-6D82-450B-9735-0265B42B8D07}.Release|Any CPU.Build.0 = Release|Any CPU
		{65EEFE8E-A5C9-470B-A2E4-78A175DF2615}.Debug|Any CPU.ActiveCfg = Debug|Any CPU
		{65EEFE8E-A5C9-470B-A2E4-78A175DF2615}.Debug|Any CPU.Build.0 = Debug|Any CPU
		{65EEFE8E-A5C9-470B-A2E4-78A175DF2615}.Release|Any CPU.ActiveCfg = Release|Any CPU
		{65EEFE8E-A5C9-470B-A2E4-78A175DF2615}.Release|Any CPU.Build.0 = Release|Any CPU
	EndGlobalSection
	GlobalSection(SolutionProperties) = preSolution
		HideSolutionNode = FALSE
	EndGlobalSection
	GlobalSection(ExtensibilityGlobals) = postSolution
		SolutionGuid = {78D1AD30-AD40-4959-BA0B-ED681BE57B98}
	EndGlobalSection
EndGlobal
