
Microsoft Visual Studio Solution File, Format Version 12.00
# Visual Studio Version 17
VisualStudioVersion = 17.3.32825.248
MinimumVisualStudioVersion = 10.0.40219.1
Project("{FAE04EC0-301F-11D3-BF4B-00C04F79EFBC}") = "ConsoleApp1", "ConsoleApp1.csproj", "{6B85E507-A0B3-432C-826E-CB80CC98BF21}"
EndProject
Global
	GlobalSection(SolutionConfigurationPlatforms) = preSolution
		Debug|Any CPU = Debug|Any CPU
		Release|Any CPU = Release|Any CPU
	EndGlobalSection
	GlobalSection(ProjectConfigurationPlatforms) = postSolution
		{6B85E507-A0B3-432C-826E-CB80CC98BF21}.Debug|Any CPU.ActiveCfg = Debug|Any CPU
		{6B85E507-A0B3-432C-826E-CB80CC98BF21}.Debug|Any CPU.Build.0 = Debug|Any CPU
		{6B85E507-A0B3-432C-826E-CB80CC98BF21}.Release|Any CPU.ActiveCfg = Release|Any CPU
		{6B85E507-A0B3-432C-826E-CB80CC98BF21}.Release|Any CPU.Build.0 = Release|Any CPU
	EndGlobalSection
	GlobalSection(SolutionProperties) = preSolution
		HideSolutionNode = FALSE
	EndGlobalSection
	GlobalSection(ExtensibilityGlobals) = postSolution
		SolutionGuid = {8FB52545-A931-4A90-865F-3445A9954CFC}
	EndGlobalSection
EndGlobal
