
Microsoft Visual Studio Solution File, Format Version 12.00
# Visual Studio Version 17
VisualStudioVersion = 17.3.32825.248
MinimumVisualStudioVersion = 10.0.40219.1
Project("{FAE04EC0-301F-11D3-BF4B-00C04F79EFBC}") = "Devs2Blu.ProjetosAula.MVCSQLServer", "src\Devs2Blu.ProjetosAula.MVCSQLServer\Devs2Blu.ProjetosAula.MVCSQLServer.csproj", "{0C8F0925-E956-4474-8004-A9AF665F406D}"
EndProject
Global
	GlobalSection(SolutionConfigurationPlatforms) = preSolution
		Debug|Any CPU = Debug|Any CPU
		Release|Any CPU = Release|Any CPU
	EndGlobalSection
	GlobalSection(ProjectConfigurationPlatforms) = postSolution
		{0C8F0925-E956-4474-8004-A9AF665F406D}.Debug|Any CPU.ActiveCfg = Debug|Any CPU
		{0C8F0925-E956-4474-8004-A9AF665F406D}.Debug|Any CPU.Build.0 = Debug|Any CPU
		{0C8F0925-E956-4474-8004-A9AF665F406D}.Release|Any CPU.ActiveCfg = Release|Any CPU
		{0C8F0925-E956-4474-8004-A9AF665F406D}.Release|Any CPU.Build.0 = Release|Any CPU
	EndGlobalSection
	GlobalSection(SolutionProperties) = preSolution
		HideSolutionNode = FALSE
	EndGlobalSection
	GlobalSection(ExtensibilityGlobals) = postSolution
		SolutionGuid = {7989310B-AF72-4D7B-9B67-21180988A9CE}
	EndGlobalSection
EndGlobal
