
Microsoft Visual Studio Solution File, Format Version 12.00
# Visual Studio Version 17
VisualStudioVersion = 17.3.32825.248
MinimumVisualStudioVersion = 10.0.40219.1
Project("{FAE04EC0-301F-11D3-BF4B-00C04F79EFBC}") = "Devs2Blu.ProjetosAula.OOP3.Main", "src\Devs2Blu.ProjetosAula.OOP3.Main\Devs2Blu.ProjetosAula.OOP3.Main.csproj", "{63CE33EB-2EFD-48E0-B725-4F5989E04CC4}"
EndProject
Project("{FAE04EC0-301F-11D3-BF4B-00C04F79EFBC}") = "Devs2Blu.ProjetosAula.OOP3.Models", "src\Devs2Blu.ProjetosAula.OOP3.Models\Devs2Blu.ProjetosAula.OOP3.Models.csproj", "{C9A2E167-D894-42C8-B717-5950E482EFBB}"
EndProject
Global
	GlobalSection(SolutionConfigurationPlatforms) = preSolution
		Debug|Any CPU = Debug|Any CPU
		Release|Any CPU = Release|Any CPU
	EndGlobalSection
	GlobalSection(ProjectConfigurationPlatforms) = postSolution
		{63CE33EB-2EFD-48E0-B725-4F5989E04CC4}.Debug|Any CPU.ActiveCfg = Debug|Any CPU
		{63CE33EB-2EFD-48E0-B725-4F5989E04CC4}.Debug|Any CPU.Build.0 = Debug|Any CPU
		{63CE33EB-2EFD-48E0-B725-4F5989E04CC4}.Release|Any CPU.ActiveCfg = Release|Any CPU
		{63CE33EB-2EFD-48E0-B725-4F5989E04CC4}.Release|Any CPU.Build.0 = Release|Any CPU
		{C9A2E167-D894-42C8-B717-5950E482EFBB}.Debug|Any CPU.ActiveCfg = Debug|Any CPU
		{C9A2E167-D894-42C8-B717-5950E482EFBB}.Debug|Any CPU.Build.0 = Debug|Any CPU
		{C9A2E167-D894-42C8-B717-5950E482EFBB}.Release|Any CPU.ActiveCfg = Release|Any CPU
		{C9A2E167-D894-42C8-B717-5950E482EFBB}.Release|Any CPU.Build.0 = Release|Any CPU
	EndGlobalSection
	GlobalSection(SolutionProperties) = preSolution
		HideSolutionNode = FALSE
	EndGlobalSection
	GlobalSection(ExtensibilityGlobals) = postSolution
		SolutionGuid = {1D2D11D1-5824-4DDA-9BB7-DF0F8B2C82D7}
	EndGlobalSection
EndGlobal
