
Microsoft Visual Studio Solution File, Format Version 12.00
# Visual Studio Version 16
VisualStudioVersion = 16.0.32802.440
MinimumVisualStudioVersion = 10.0.40219.1
Project("{FAE04EC0-301F-11D3-BF4B-00C04F79EFBC}") = "RamonLisboa.DataBaseApp.Teste01Prj", "src\RamonLisboa.DataBaseApp.Teste01Prj\RamonLisboa.DataBaseApp.Teste01Prj.csproj", "{B8802127-C3CC-4852-ABED-A8DA2BFC92C2}"
EndProject
Global
	GlobalSection(SolutionConfigurationPlatforms) = preSolution
		Debug|Any CPU = Debug|Any CPU
		Release|Any CPU = Release|Any CPU
	EndGlobalSection
	GlobalSection(ProjectConfigurationPlatforms) = postSolution
		{B8802127-C3CC-4852-ABED-A8DA2BFC92C2}.Debug|Any CPU.ActiveCfg = Debug|Any CPU
		{B8802127-C3CC-4852-ABED-A8DA2BFC92C2}.Debug|Any CPU.Build.0 = Debug|Any CPU
		{B8802127-C3CC-4852-ABED-A8DA2BFC92C2}.Release|Any CPU.ActiveCfg = Release|Any CPU
		{B8802127-C3CC-4852-ABED-A8DA2BFC92C2}.Release|Any CPU.Build.0 = Release|Any CPU
	EndGlobalSection
	GlobalSection(SolutionProperties) = preSolution
		HideSolutionNode = FALSE
	EndGlobalSection
	GlobalSection(ExtensibilityGlobals) = postSolution
		SolutionGuid = {E63914A2-4B76-4A26-9D12-14457AD0244B}
	EndGlobalSection
EndGlobal
