
Microsoft Visual Studio Solution File, Format Version 12.00
# Visual Studio Version 17
VisualStudioVersion = 17.3.32825.248
MinimumVisualStudioVersion = 10.0.40219.1
Project("{FAE04EC0-301F-11D3-BF4B-00C04F79EFBC}") = "Devs2Blu.ProjetosAula.SistemaAgendaContato.Forms", "src\Devs2Blu.ProjetosAula.SistemaAgendaContato.Forms\Devs2Blu.ProjetosAula.SistemaAgendaContato.Forms.csproj", "{9D8142D7-2202-4078-962E-88011203BCF9}"
EndProject
Project("{FAE04EC0-301F-11D3-BF4B-00C04F79EFBC}") = "Devs2Blu.ProjetosAula.SistemaAgendaContato.Models", "src\Devs2Blu.ProjetosAula.SistemaAgendaContato.Models\Devs2Blu.ProjetosAula.SistemaAgendaContato.Models.csproj", "{5B0FEE41-55BC-4CF8-AC02-67AE392FBE6B}"
EndProject
Global
	GlobalSection(SolutionConfigurationPlatforms) = preSolution
		Debug|Any CPU = Debug|Any CPU
		Release|Any CPU = Release|Any CPU
	EndGlobalSection
	GlobalSection(ProjectConfigurationPlatforms) = postSolution
		{9D8142D7-2202-4078-962E-88011203BCF9}.Debug|Any CPU.ActiveCfg = Debug|Any CPU
		{9D8142D7-2202-4078-962E-88011203BCF9}.Debug|Any CPU.Build.0 = Debug|Any CPU
		{9D8142D7-2202-4078-962E-88011203BCF9}.Release|Any CPU.ActiveCfg = Release|Any CPU
		{9D8142D7-2202-4078-962E-88011203BCF9}.Release|Any CPU.Build.0 = Release|Any CPU
		{5B0FEE41-55BC-4CF8-AC02-67AE392FBE6B}.Debug|Any CPU.ActiveCfg = Debug|Any CPU
		{5B0FEE41-55BC-4CF8-AC02-67AE392FBE6B}.Debug|Any CPU.Build.0 = Debug|Any CPU
		{5B0FEE41-55BC-4CF8-AC02-67AE392FBE6B}.Release|Any CPU.ActiveCfg = Release|Any CPU
		{5B0FEE41-55BC-4CF8-AC02-67AE392FBE6B}.Release|Any CPU.Build.0 = Release|Any CPU
	EndGlobalSection
	GlobalSection(SolutionProperties) = preSolution
		HideSolutionNode = FALSE
	EndGlobalSection
	GlobalSection(ExtensibilityGlobals) = postSolution
		SolutionGuid = {C347D2CD-0A52-4960-9926-4951F2277AD6}
	EndGlobalSection
EndGlobal
